
Microsoft Visual Studio Solution File, Format Version 12.00
# Visual Studio Version 16
VisualStudioVersion = 16.0.30011.22
MinimumVisualStudioVersion = 10.0.40219.1
Project("{FAE04EC0-301F-11D3-BF4B-00C04F79EFBC}") = "SJT - Sua Jornada na Tecnologia", "SJT - Sua Jornada na Tecnologia\SJT - Sua Jornada na Tecnologia.csproj", "{32E110C9-FCA6-404D-8069-A6E5D87906A1}"
EndProject
Global
	GlobalSection(SolutionConfigurationPlatforms) = preSolution
		Debug|Any CPU = Debug|Any CPU
		Release|Any CPU = Release|Any CPU
	EndGlobalSection
	GlobalSection(ProjectConfigurationPlatforms) = postSolution
		{32E110C9-FCA6-404D-8069-A6E5D87906A1}.Debug|Any CPU.ActiveCfg = Debug|Any CPU
		{32E110C9-FCA6-404D-8069-A6E5D87906A1}.Debug|Any CPU.Build.0 = Debug|Any CPU
		{32E110C9-FCA6-404D-8069-A6E5D87906A1}.Release|Any CPU.ActiveCfg = Release|Any CPU
		{32E110C9-FCA6-404D-8069-A6E5D87906A1}.Release|Any CPU.Build.0 = Release|Any CPU
	EndGlobalSection
	GlobalSection(SolutionProperties) = preSolution
		HideSolutionNode = FALSE
	EndGlobalSection
	GlobalSection(ExtensibilityGlobals) = postSolution
		SolutionGuid = {4064B0C5-D062-4B83-91BD-31AC5773664A}
	EndGlobalSection
EndGlobal
